
Microsoft Visual Studio Solution File, Format Version 12.00
# Visual Studio 15
VisualStudioVersion = 15.0.28307.421
MinimumVisualStudioVersion = 10.0.40219.1
Project("{F184B08F-C81C-45F6-A57F-5ABD9991F28F}") = "FriendlyUrlSample.Module", "FriendlyUrlSample.Module\FriendlyUrlSample.Module.vbproj", "{F622EA3C-2609-4BB3-B589-6B1F2CFBB035}"
EndProject
Project("{F184B08F-C81C-45F6-A57F-5ABD9991F28F}") = "FriendlyUrlSample.Module.Web", "FriendlyUrlSample.Module.Web\FriendlyUrlSample.Module.Web.vbproj", "{E9AED738-5288-4E61-A29F-786425877AC8}"
EndProject
Project("{F184B08F-C81C-45F6-A57F-5ABD9991F28F}") = "FriendlyUrlSample.Web", "FriendlyUrlSample.Web\FriendlyUrlSample.Web.vbproj", "{69846592-140B-46FB-B947-BD7D53A1E8BB}"
EndProject
Global
	GlobalSection(SolutionConfigurationPlatforms) = preSolution
		Debug|Any CPU = Debug|Any CPU
		EasyTest|Any CPU = EasyTest|Any CPU
		Release|Any CPU = Release|Any CPU
	EndGlobalSection
	GlobalSection(ProjectConfigurationPlatforms) = postSolution
		{F622EA3C-2609-4BB3-B589-6B1F2CFBB035}.Debug|Any CPU.ActiveCfg = Debug|Any CPU
		{F622EA3C-2609-4BB3-B589-6B1F2CFBB035}.Debug|Any CPU.Build.0 = Debug|Any CPU
		{F622EA3C-2609-4BB3-B589-6B1F2CFBB035}.EasyTest|Any CPU.ActiveCfg = EasyTest|Any CPU
		{F622EA3C-2609-4BB3-B589-6B1F2CFBB035}.EasyTest|Any CPU.Build.0 = EasyTest|Any CPU
		{F622EA3C-2609-4BB3-B589-6B1F2CFBB035}.Release|Any CPU.ActiveCfg = Release|Any CPU
		{F622EA3C-2609-4BB3-B589-6B1F2CFBB035}.Release|Any CPU.Build.0 = Release|Any CPU
		{E9AED738-5288-4E61-A29F-786425877AC8}.Debug|Any CPU.ActiveCfg = Debug|Any CPU
		{E9AED738-5288-4E61-A29F-786425877AC8}.Debug|Any CPU.Build.0 = Debug|Any CPU
		{E9AED738-5288-4E61-A29F-786425877AC8}.EasyTest|Any CPU.ActiveCfg = EasyTest|Any CPU
		{E9AED738-5288-4E61-A29F-786425877AC8}.EasyTest|Any CPU.Build.0 = EasyTest|Any CPU
		{E9AED738-5288-4E61-A29F-786425877AC8}.Release|Any CPU.ActiveCfg = Release|Any CPU
		{E9AED738-5288-4E61-A29F-786425877AC8}.Release|Any CPU.Build.0 = Release|Any CPU
		{69846592-140B-46FB-B947-BD7D53A1E8BB}.Debug|Any CPU.ActiveCfg = Debug|Any CPU
		{69846592-140B-46FB-B947-BD7D53A1E8BB}.Debug|Any CPU.Build.0 = Debug|Any CPU
		{69846592-140B-46FB-B947-BD7D53A1E8BB}.EasyTest|Any CPU.ActiveCfg = EasyTest|Any CPU
		{69846592-140B-46FB-B947-BD7D53A1E8BB}.EasyTest|Any CPU.Build.0 = EasyTest|Any CPU
		{69846592-140B-46FB-B947-BD7D53A1E8BB}.Release|Any CPU.ActiveCfg = Release|Any CPU
		{69846592-140B-46FB-B947-BD7D53A1E8BB}.Release|Any CPU.Build.0 = Release|Any CPU
	EndGlobalSection
	GlobalSection(SolutionProperties) = preSolution
		HideSolutionNode = FALSE
	EndGlobalSection
	GlobalSection(ExtensibilityGlobals) = postSolution
		SolutionGuid = {D157049D-5636-4A3D-8B9A-6C8B11D020BB}
	EndGlobalSection
EndGlobal
